schema: '2.0'
stages:
  prepare:
    cmd: python processing.py
    deps:
    - path: data/raw/raw_data.csv
      md5: df952449d6f9b5f9fdfe3fc53ddef7ca
      size: 238803811
    - path: processing.py
      md5: 726c7fccba01ff56a48aaf5d72dfde00
      size: 2939
    params:
      params.yaml:
        prepare.random_state: 0
        prepare.test_size: 0.2
        prepare.train_size: 0.8
    outs:
    - path: data/processed/X_test.csv
      md5: 8c4a3398ab48d7c1b5a4a6d89260bf52
      size: 13954537
    - path: data/processed/X_train.csv
      md5: f141555cac6f1f7104dad3472fbd2fbd
      size: 55808310
    - path: data/processed/y_test.csv
      md5: 86a6376e15f8107d2e6e77d6dbe9c382
      size: 2880000
    - path: data/processed/y_train.csv
      md5: 9627b32907c7e1146d69ad7e07414498
      size: 11520000
